// !$*UTF8*$!
{
	archiveVersion = 1;
	classes = {
	};
	objectVersion = 46;
	objects = {

/* Begin PBXBuildFile section */
		03364C761BA9A73800912149 /* main.m in Sources */ = {isa = PBXBuildFile; fileRef = 03364C751BA9A73800912149 /* main.m */; };
		03364C791BA9A73800912149 /* AppDelegate.m in Sources */ = {isa = PBXBuildFile; fileRef = 03364C781BA9A73800912149 /* AppDelegate.m */; };
		03364C7B1BA9A73800912149 /* Images.xcassets in Resources */ = {isa = PBXBuildFile; fileRef = 03364C7A1BA9A73800912149 /* Images.xcassets */; };
		03364C7E1BA9A73800912149 /* LaunchScreen.xib in Resources */ = {isa = PBXBuildFile; fileRef = 03364C7C1BA9A73800912149 /* LaunchScreen.xib */; };
		03364C8A1BA9A73800912149 /* __Tests.m in Sources */ = {isa = PBXBuildFile; fileRef = 03364C891BA9A73800912149 /* __Tests.m */; };
		03364C951BA9A76800912149 /* DrawerViewController.m in Sources */ = {isa = PBXBuildFile; fileRef = 03364C941BA9A76800912149 /* DrawerViewController.m */; };
		03364C981BA9AB3800912149 /* HomePageViewController.m in Sources */ = {isa = PBXBuildFile; fileRef = 03364C971BA9AB3800912149 /* HomePageViewController.m */; };
		03364C9B1BA9B34900912149 /* LeftMenuTableViewController.m in Sources */ = {isa = PBXBuildFile; fileRef = 03364C9A1BA9B34900912149 /* LeftMenuTableViewController.m */; };
/* End PBXBuildFile section */

/* Begin PBXContainerItemProxy section */
		03364C841BA9A73800912149 /* PBXContainerItemProxy */ = {
			isa = PBXContainerItemProxy;
			containerPortal = 03364C681BA9A73800912149 /* Project object */;
			proxyType = 1;
			remoteGlobalIDString = 03364C6F1BA9A73800912149;
			remoteInfo = "抽屉";
		};
/* End PBXContainerItemProxy section */

/* Begin PBXFileReference section */
		03364C701BA9A73800912149 /* 抽屉.app */ = {isa = PBXFileReference; explicitFileType = wrapper.application; includeInIndex = 0; path = "抽屉.app"; sourceTree = BUILT_PRODUCTS_DIR; };
		03364C741BA9A73800912149 /* Info.plist */ = {isa = PBXFileReference; lastKnownFileType = text.plist.xml; path = Info.plist; sourceTree = "<group>"; };
		03364C751BA9A73800912149 /* main.m */ = {isa = PBXFileReference; lastKnownFileType = sourcecode.c.objc; path = main.m; sourceTree = "<group>"; };
		03364C771BA9A73800912149 /* AppDelegate.h */ = {isa = PBXFileReference; lastKnownFileType = sourcecode.c.h; path = AppDelegate.h; sourceTree = "<group>"; };
		03364C781BA9A73800912149 /* AppDelegate.m */ = {isa = PBXFileReference; lastKnownFileType = sourcecode.c.objc; path = AppDelegate.m; sourceTree = "<group>"; };
		03364C7A1BA9A73800912149 /* Images.xcassets */ = {isa = PBXFileReference; lastKnownFileType = folder.assetcatalog; path = Images.xcassets; sourceTree = "<group>"; };
		03364C7D1BA9A73800912149 /* Base */ = {isa = PBXFileReference; lastKnownFileType = file.xib; name = Base; path = Base.lproj/LaunchScreen.xib; sourceTree = "<group>"; };
		03364C831BA9A73800912149 /* 抽屉Tests.xctest */ = {isa = PBXFileReference; explicitFileType = wrapper.cfbundle; includeInIndex = 0; path = "抽屉Tests.xctest"; sourceTree = BUILT_PRODUCTS_DIR; };
		03364C881BA9A73800912149 /* Info.plist */ = {isa = PBXFileReference; lastKnownFileType = text.plist.xml; path = Info.plist; sourceTree = "<group>"; };
		03364C891BA9A73800912149 /* __Tests.m */ = {isa = PBXFileReference; lastKnownFileType = sourcecode.c.objc; path = __Tests.m; sourceTree = "<group>"; };
		03364C931BA9A76800912149 /* DrawerViewController.h */ = {isa = PBXFileReference; fileEncoding = 4; lastKnownFileType = sourcecode.c.h; path = DrawerViewController.h; sourceTree = "<group>"; };
		03364C941BA9A76800912149 /* DrawerViewController.m */ = {isa = PBXFileReference; fileEncoding = 4; lastKnownFileType = sourcecode.c.objc; path = DrawerViewController.m; sourceTree = "<group>"; };
		03364C961BA9AB3800912149 /* HomePageViewController.h */ = {isa = PBXFileReference; fileEncoding = 4; lastKnownFileType = sourcecode.c.h; path = HomePageViewController.h; sourceTree = "<group>"; };
		03364C971BA9AB3800912149 /* HomePageViewController.m */ = {isa = PBXFileReference; fileEncoding = 4; lastKnownFileType = sourcecode.c.objc; path = HomePageViewController.m; sourceTree = "<group>"; };
		03364C991BA9B34900912149 /* LeftMenuTableViewController.h */ = {isa = PBXFileReference; fileEncoding = 4; lastKnownFileType = sourcecode.c.h; path = LeftMenuTableViewController.h; sourceTree = "<group>"; };
		03364C9A1BA9B34900912149 /* LeftMenuTableViewController.m */ = {isa = PBXFileReference; fileEncoding = 4; lastKnownFileType = sourcecode.c.objc; path = LeftMenuTableViewController.m; sourceTree = "<group>"; };
/* End PBXFileReference section */

/* Begin PBXFrameworksBuildPhase section */
		03364C6D1BA9A73800912149 /* Frameworks */ = {
			isa = PBXFrameworksBuildPhase;
			buildActionMask = 2147483647;
			files = (
			);
			runOnlyForDeploymentPostprocessing = 0;
		};
		03364C801BA9A73800912149 /* Frameworks */ = {
			isa = PBXFrameworksBuildPhase;
			buildActionMask = 2147483647;
			files = (
			);
			runOnlyForDeploymentPostprocessing = 0;
		};
/* End PBXFrameworksBuildPhase section */

/* Begin PBXGroup section */
		03364C671BA9A73800912149 = {
			isa = PBXGroup;
			children = (
				03364C721BA9A73800912149 /* 抽屉 */,
				03364C861BA9A73800912149 /* 抽屉Tests */,
				03364C711BA9A73800912149 /* Products */,
			);
			sourceTree = "<group>";
		};
		03364C711BA9A73800912149 /* Products */ = {
			isa = PBXGroup;
			children = (
				03364C701BA9A73800912149 /* 抽屉.app */,
				03364C831BA9A73800912149 /* 抽屉Tests.xctest */,
			);
			name = Products;
			sourceTree = "<group>";
		};
		03364C721BA9A73800912149 /* 抽屉 */ = {
			isa = PBXGroup;
			children = (
				03364C771BA9A73800912149 /* AppDelegate.h */,
				03364C781BA9A73800912149 /* AppDelegate.m */,
				03364C931BA9A76800912149 /* DrawerViewController.h */,
				03364C941BA9A76800912149 /* DrawerViewController.m */,
				03364C961BA9AB3800912149 /* HomePageViewController.h */,
				03364C971BA9AB3800912149 /* HomePageViewController.m */,
				03364C991BA9B34900912149 /* LeftMenuTableViewController.h */,
				03364C9A1BA9B34900912149 /* LeftMenuTableViewController.m */,
				03364C7A1BA9A73800912149 /* Images.xcassets */,
				03364C7C1BA9A73800912149 /* LaunchScreen.xib */,
				03364C731BA9A73800912149 /* Supporting Files */,
			);
			path = "抽屉";
			sourceTree = "<group>";
		};
		03364C731BA9A73800912149 /* Supporting Files */ = {
			isa = PBXGroup;
			children = (
				03364C741BA9A73800912149 /* Info.plist */,
				03364C751BA9A73800912149 /* main.m */,
			);
			name = "Supporting Files";
			sourceTree = "<group>";
		};
		03364C861BA9A73800912149 /* 抽屉Tests */ = {
			isa = PBXGroup;
			children = (
				03364C891BA9A73800912149 /* __Tests.m */,
				03364C871BA9A73800912149 /* Supporting Files */,
			);
			path = "抽屉Tests";
			sourceTree = "<group>";
		};
		03364C871BA9A73800912149 /* Supporting Files */ = {
			isa = PBXGroup;
			children = (
				03364C881BA9A73800912149 /* Info.plist */,
			);
			name = "Supporting Files";
			sourceTree = "<group>";
		};
/* End PBXGroup section */

/* Begin PBXNativeTarget section */
		03364C6F1BA9A73800912149 /* 抽屉 */ = {
			isa = PBXNativeTarget;
			buildConfigurationList = 03364C8D1BA9A73800912149 /* Build configuration list for PBXNativeTarget "抽屉" */;
			buildPhases = (
				03364C6C1BA9A73800912149 /* Sources */,
				03364C6D1BA9A73800912149 /* Frameworks */,
				03364C6E1BA9A73800912149 /* Resources */,
			);
			buildRules = (
			);
			dependencies = (
			);
			name = "抽屉";
			productName = "抽屉";
			productReference = 03364C701BA9A73800912149 /* 抽屉.app */;
			productType = "com.apple.product-type.application";
		};
		03364C821BA9A73800912149 /* 抽屉Tests */ = {
			isa = PBXNativeTarget;
			buildConfigurationList = 03364C901BA9A73800912149 /* Build configuration list for PBXNativeTarget "抽屉Tests" */;
			buildPhases = (
				03364C7F1BA9A73800912149 /* Sources */,
				03364C801BA9A73800912149 /* Frameworks */,
				03364C811BA9A73800912149 /* Resources */,
			);
			buildRules = (
			);
			dependencies = (
				03364C851BA9A73800912149 /* PBXTargetDependency */,
			);
			name = "抽屉Tests";
			productName = "抽屉Tests";
			productReference = 03364C831BA9A73800912149 /* 抽屉Tests.xctest */;
			productType = "com.apple.product-type.bundle.unit-test";
		};
/* End PBXNativeTarget section */

/* Begin PBXProject section */
		03364C681BA9A73800912149 /* Project object */ = {
			isa = PBXProject;
			attributes = {
				LastUpgradeCheck = 0640;
				ORGANIZATIONNAME = "河南蓝鸥科技有限公司";
				TargetAttributes = {
					03364C6F1BA9A73800912149 = {
						CreatedOnToolsVersion = 6.4;
					};
					03364C821BA9A73800912149 = {
						CreatedOnToolsVersion = 6.4;
						TestTargetID = 03364C6F1BA9A73800912149;
					};
				};
			};
			buildConfigurationList = 03364C6B1BA9A73800912149 /* Build configuration list for PBXProject "抽屉" */;
			compatibilityVersion = "Xcode 3.2";
			developmentRegion = English;
			hasScannedForEncodings = 0;
			knownRegions = (
				en,
				Base,
			);
			mainGroup = 03364C671BA9A73800912149;
			productRefGroup = 03364C711BA9A73800912149 /* Products */;
			projectDirPath = "";
			projectRoot = "";
			targets = (
				03364C6F1BA9A73800912149 /* 抽屉 */,
				03364C821BA9A73800912149 /* 抽屉Tests */,
			);
		};
/* End PBXProject section */

/* Begin PBXResourcesBuildPhase section */
		03364C6E1BA9A73800912149 /* Resources */ = {
			isa = PBXResourcesBuildPhase;
			buildActionMask = 2147483647;
			files = (
				03364C7E1BA9A73800912149 /* LaunchScreen.xib in Resources */,
				03364C7B1BA9A73800912149 /* Images.xcassets in Resources */,
			);
			runOnlyForDeploymentPostprocessing = 0;
		};
		03364C811BA9A73800912149 /* Resources */ = {
			isa = PBXResourcesBuildPhase;
			buildActionMask = 2147483647;
			files = (
			);
			runOnlyForDeploymentPostprocessing = 0;
		};
/* End PBXResourcesBuildPhase section */

/* Begin PBXSourcesBuildPhase section */
		03364C6C1BA9A73800912149 /* Sources */ = {
			isa = PBXSourcesBuildPhase;
			buildActionMask = 2147483647;
			files = (
				03364C981BA9AB3800912149 /* HomePageViewController.m in Sources */,
				03364C9B1BA9B34900912149 /* LeftMenuTableViewController.m in Sources */,
				03364C791BA9A73800912149 /* AppDelegate.m in Sources */,
				03364C761BA9A73800912149 /* main.m in Sources */,
				03364C951BA9A76800912149 /* DrawerViewController.m in Sources */,
			);
			runOnlyForDeploymentPostprocessing = 0;
		};
		03364C7F1BA9A73800912149 /* Sources */ = {
			isa = PBXSourcesBuildPhase;
			buildActionMask = 2147483647;
			files = (
				03364C8A1BA9A73800912149 /* __Tests.m in Sources */,
			);
			runOnlyForDeploymentPostprocessing = 0;
		};
/* End PBXSourcesBuildPhase section */

/* Begin PBXTargetDependency section */
		03364C851BA9A73800912149 /* PBXTargetDependency */ = {
			isa = PBXTargetDependency;
			target = 03364C6F1BA9A73800912149 /* 抽屉 */;
			targetProxy = 03364C841BA9A73800912149 /* PBXContainerItemProxy */;
		};
/* End PBXTargetDependency section */

/* Begin PBXVariantGroup section */
		03364C7C1BA9A73800912149 /* LaunchScreen.xib */ = {
			isa = PBXVariantGroup;
			children = (
				03364C7D1BA9A73800912149 /* Base */,
			);
			name = LaunchScreen.xib;
			sourceTree = "<group>";
		};
/* End PBXVariantGroup section */

/* Begin XCBuildConfiguration section */
		03364C8B1BA9A73800912149 /* Debug */ = {
			isa = XCBuildConfiguration;
			buildSettings = {
				ALWAYS_SEARCH_USER_PATHS = NO;
				CLANG_CXX_LANGUAGE_STANDARD = "gnu++0x";
				CLANG_CXX_LIBRARY = "libc++";
				CLANG_ENABLE_MODULES = YES;
				CLANG_ENABLE_OBJC_ARC = YES;
				CLANG_WARN_BOOL_CONVERSION = YES;
				CLANG_WARN_CONSTANT_CONVERSION = YES;
				CLANG_WARN_DIRECT_OBJC_ISA_USAGE = YES_ERROR;
				CLANG_WARN_EMPTY_BODY = YES;
				CLANG_WARN_ENUM_CONVERSION = YES;
				CLANG_WARN_INT_CONVERSION = YES;
				CLANG_WARN_OBJC_ROOT_CLASS = YES_ERROR;
				CLANG_WARN_UNREACHABLE_CODE = YES;
				CLANG_WARN__DUPLICATE_METHOD_MATCH = YES;
				"CODE_SIGN_IDENTITY[sdk=iphoneos*]" = "iPhone Developer";
				COPY_PHASE_STRIP = NO;
				DEBUG_INFORMATION_FORMAT = "dwarf-with-dsym";
				ENABLE_STRICT_OBJC_MSGSEND = YES;
				GCC_C_LANGUAGE_STANDARD = gnu99;
				GCC_DYNAMIC_NO_PIC = NO;
				GCC_NO_COMMON_BLOCKS = YES;
				GCC_OPTIMIZATION_LEVEL = 0;
				GCC_PREPROCESSOR_DEFINITIONS = (
					"DEBUG=1",
					"$(inherited)",
				);
				GCC_SYMBOLS_PRIVATE_EXTERN = NO;
				GCC_WARN_64_TO_32_BIT_CONVERSION = YES;
				GCC_WARN_ABOUT_RETURN_TYPE = YES_ERROR;
				GCC_WARN_UNDECLARED_SELECTOR = YES;
				GCC_WARN_UNINITIALIZED_AUTOS = YES_AGGRESSIVE;
				GCC_WARN_UNUSED_FUNCTION = YES;
				GCC_WARN_UNUSED_VARIABLE = YES;
				IPHONEOS_DEPLOYMENT_TARGET = 8.4;
				MTL_ENABLE_DEBUG_INFO = YES;
				ONLY_ACTIVE_ARCH = YES;
				SDKROOT = iphoneos;
			};
			name = Debug;
		};
		03364C8C1BA9A73800912149 /* Release */ = {
			isa = XCBuildConfiguration;
			buildSettings = {
				ALWAYS_SEARCH_USER_PATHS = NO;
				CLANG_CXX_LANGUAGE_STANDARD = "gnu++0x";
				CLANG_CXX_LIBRARY = "libc++";
				CLANG_ENABLE_MODULES = YES;
				CLANG_ENABLE_OBJC_ARC = YES;
				CLANG_WARN_BOOL_CONVERSION = YES;
				CLANG_WARN_CONSTANT_CONVERSION = YES;
				CLANG_WARN_DIRECT_OBJC_ISA_USAGE = YES_ERROR;
				CLANG_WARN_EMPTY_BODY = YES;
				CLANG_WARN_ENUM_CONVERSION = YES;
				CLANG_WARN_INT_CONVERSION = YES;
				CLANG_WARN_OBJC_ROOT_CLASS = YES_ERROR;
				CLANG_WARN_UNREACHABLE_CODE = YES;
				CLANG_WARN__DUPLICATE_METHOD_MATCH = YES;
				"CODE_SIGN_IDENTITY[sdk=iphoneos*]" = "iPhone Developer";
				COPY_PHASE_STRIP = NO;
				DEBUG_INFORMATION_FORMAT = "dwarf-with-dsym";
				ENABLE_NS_ASSERTIONS = NO;
				ENABLE_STRICT_OBJC_MSGSEND = YES;
				GCC_C_LANGUAGE_STANDARD = gnu99;
				GCC_NO_COMMON_BLOCKS = YES;
				GCC_WARN_64_TO_32_BIT_CONVERSION = YES;
				GCC_WARN_ABOUT_RETURN_TYPE = YES_ERROR;
				GCC_WARN_UNDECLARED_SELECTOR = YES;
				GCC_WARN_UNINITIALIZED_AUTOS = YES_AGGRESSIVE;
				GCC_WARN_UNUSED_FUNCTION = YES;
				GCC_WARN_UNUSED_VARIABLE = YES;
				IPHONEOS_DEPLOYMENT_TARGET = 8.4;
				MTL_ENABLE_DEBUG_INFO = NO;
				SDKROOT = iphoneos;
				VALIDATE_PRODUCT = YES;
			};
			name = Release;
		};
		03364C8E1BA9A73800912149 /* Debug */ = {
			isa = XCBuildConfiguration;
			buildSettings = {
				ASSETCATALOG_COMPILER_APPICON_NAME = AppIcon;
				INFOPLIST_FILE = "抽屉/Info.plist";
				LD_RUNPATH_SEARCH_PATHS = "$(inherited) @executable_path/Frameworks";
				PRODUCT_NAME = "$(TARGET_NAME)";
			};
			name = Debug;
		};
		03364C8F1BA9A73800912149 /* Release */ = {
			isa = XCBuildConfiguration;
			buildSettings = {
				ASSETCATALOG_COMPILER_APPICON_NAME = AppIcon;
				INFOPLIST_FILE = "抽屉/Info.plist";
				LD_RUNPATH_SEARCH_PATHS = "$(inherited) @executable_path/Frameworks";
				PRODUCT_NAME = "$(TARGET_NAME)";
			};
			name = Release;
		};
		03364C911BA9A73800912149 /* Debug */ = {
			isa = XCBuildConfiguration;
			buildSettings = {
				BUNDLE_LOADER = "$(TEST_HOST)";
				FRAMEWORK_SEARCH_PATHS = (
					"$(SDKROOT)/Developer/Library/Frameworks",
					"$(inherited)",
				);
				GCC_PREPROCESSOR_DEFINITIONS = (
					"DEBUG=1",
					"$(inherited)",
				);
				INFOPLIST_FILE = "抽屉Tests/Info.plist";
				LD_RUNPATH_SEARCH_PATHS = "$(inherited) @executable_path/Frameworks @loader_path/Frameworks";
				PRODUCT_NAME = "$(TARGET_NAME)";
				TEST_HOST = "$(BUILT_PRODUCTS_DIR)/抽屉.app/抽屉";
			};
			name = Debug;
		};
		03364C921BA9A73800912149 /* Release */ = {
			isa = XCBuildConfiguration;
			buildSettings = {
				BUNDLE_LOADER = "$(TEST_HOST)";
				FRAMEWORK_SEARCH_PATHS = (
					"$(SDKROOT)/Developer/Library/Frameworks",
					"$(inherited)",
				);
				INFOPLIST_FILE = "抽屉Tests/Info.plist";
				LD_RUNPATH_SEARCH_PATHS = "$(inherited) @executable_path/Frameworks @loader_path/Frameworks";
				PRODUCT_NAME = "$(TARGET_NAME)";
				TEST_HOST = "$(BUILT_PRODUCTS_DIR)/抽屉.app/抽屉";
			};
			name = Release;
		};
/* End XCBuildConfiguration section */

/* Begin XCConfigurationList section */
		03364C6B1BA9A73800912149 /* Build configuration list for PBXProject "抽屉" */ = {
			isa = XCConfigurationList;
			buildConfigurations = (
				03364C8B1BA9A73800912149 /* Debug */,
				03364C8C1BA9A73800912149 /* Release */,
			);
			defaultConfigurationIsVisible = 0;
			defaultConfigurationName = Release;
		};
		03364C8D1BA9A73800912149 /* Build configuration list for PBXNativeTarget "抽屉" */ = {
			isa = XCConfigurationList;
			buildConfigurations = (
				03364C8E1BA9A73800912149 /* Debug */,
				03364C8F1BA9A73800912149 /* Release */,
			);
			defaultConfigurationIsVisible = 0;
			defaultConfigurationName = Release;
		};
		03364C901BA9A73800912149 /* Build configuration list for PBXNativeTarget "抽屉Tests" */ = {
			isa = XCConfigurationList;
			buildConfigurations = (
				03364C911BA9A73800912149 /* Debug */,
				03364C921BA9A73800912149 /* Release */,
			);
			defaultConfigurationIsVisible = 0;
			defaultConfigurationName = Release;
		};
/* End XCConfigurationList section */
	};
	rootObject = 03364C681BA9A73800912149 /* Project object */;
}
